{
  "name": "esbuild-plugin-path-alias",
  "version": "1.0.0",
  "lockfileVersion": 2,
  "requires": true,
  "packages": {
    "": {
      "version": "1.0.0",
      "license": "MIT",
      "devDependencies": {
        "esbuild": "^0.12.19"
      }
    },
    "node_modules/esbuild": {
      "version": "0.12.19",
      "resolved": "https://arti.freewheel.tv/api/npm/fw-npm/esbuild/-/esbuild-0.12.19.tgz",
      "integrity": "sha1-q4SXZnBaUJPfWs2Owva6IVmjimw=",
      "dev": true,
      "hasInstallScript": true,
      "license": "MIT",
      "bin": {
        "esbuild": "bin/esbuild"
      }
    }
  },
  "dependencies": {
    "esbuild": {
      "version": "0.12.19",
      "resolved": "https://arti.freewheel.tv/api/npm/fw-npm/esbuild/-/esbuild-0.12.19.tgz",
      "integrity": "sha1-q4SXZnBaUJPfWs2Owva6IVmjimw=",
      "dev": true
    }
  }
}
